dependencies:
- name: common
  repository: https://bjw-s.github.io/helm-charts
  version: 1.5.1
- name: postgresql
  repository: https://charts.bitnami.com/bitnami
  version: 12.11.1
digest: sha256:12c0e9858c0441738bd79c63f9df8ce63c12eb8a6503df5e95f8e23eb904ae65
generated: "2023-10-21T13:52:05.151334-07:00"
