dependencies:
- name: common
  repository: https://bjw-s.github.io/helm-charts
  version: 2.0.3
- name: mariadb
  repository: https://charts.bitnami.com/bitnami
  version: 14.0.0
- name: memcached
  repository: https://charts.bitnami.com/bitnami
  version: 6.6.7
digest: sha256:5c41a7a58ece17747b2cfbe359503e4ffba8db19f2d08e728cce9849bfc0edac
generated: "2023-10-27T20:39:28.120733-07:00"
