dependencies:
- name: mariadb
  repository: https://charts.bitnami.com/bitnami
  version: 14.0.0
- name: seafile
  repository: https://300481.github.io/charts/
  version: 0.11.3
digest: sha256:9fc1bbb7c9a0ea7e7b342c30ced84fb203f81058d08934388ff8d6f15cf3456c
generated: "2024-01-12T18:06:38.675294-08:00"
