dependencies:
- name: common
  repository: https://bjw-s.github.io/helm-charts
  version: 2.4.0
- name: mariadb
  repository: https://charts.bitnami.com/bitnami
  version: 14.0.0
digest: sha256:2cc7b0b57fdc0c8eab82291385a69d9c4aa60ac05d0e55e8f0a31a42ce8675c9
generated: "2024-01-12T18:48:38.417587-08:00"
