dependencies:
- name: common
  repository: https://bjw-s.github.io/helm-charts
  version: 1.5.1
- name: postgresql
  repository: https://charts.bitnami.com/bitnami
  version: 12.11.1
- name: postgresql-ha
  repository: https://charts.bitnami.com/bitnami
  version: 11.9.2
digest: sha256:8dd12d33af719b9fbff7c0fc7ad9bf17f50cc4a2e26fb03a4f8bbcd9af71bbae
generated: "2023-10-20T11:52:50.771875-07:00"
