dependencies:
- name: common
  repository: https://bjw-s.github.io/helm-charts
  version: 1.5.1
- name: postgresql
  repository: https://charts.bitnami.com/bitnami
  version: 12.10.0
digest: sha256:2d55bde4a76f3d75e57d6f6d335f6dda2547b65ab93b5b9b98250843f6836e34
generated: "2023-09-04T08:51:43.527411-04:00"
