dependencies:
- name: common
  repository: https://bjw-s.github.io/helm-charts
  version: 1.5.1
- name: postgresql
  repository: https://charts.bitnami.com/bitnami
  version: 12.10.0
digest: sha256:8c887d4821d3f407c4d07a819a526a5827ba780bbea1fe81d6abff069b05d536
generated: "2023-09-04T09:31:47.972722-04:00"
