dependencies:
- name: common
  repository: https://bjw-s.github.io/helm-charts
  version: 1.5.1
- name: mariadb
  repository: https://charts.bitnami.com/bitnami
  version: 13.1.1
- name: mariadb-galera
  repository: https://charts.bitnami.com/bitnami
  version: 9.1.1
digest: sha256:0ffe46a8f3161d3217d17cf34980ce1f5c98db2c35e1e3068b7efee772b0db6a
generated: "2023-09-04T11:48:41.750997-04:00"
