dependencies:
- name: common
  repository: https://bjw-s.github.io/helm-charts
  version: 1.5.1
- name: mariadb
  repository: https://charts.bitnami.com/bitnami
  version: 13.1.1
- name: mariadb-galera
  repository: https://charts.bitnami.com/bitnami
  version: 9.1.1
- name: redis
  repository: https://charts.bitnami.com/bitnami
  version: 18.0.0
digest: sha256:1a6f3d0aaefd9585b6312f5bcecda689d958b0ee8db6e7d860842ae418f3955c
generated: "2023-09-05T20:30:08.619223-04:00"
