dependencies:
- name: common
  repository: https://bjw-s.github.io/helm-charts
  version: 1.5.1
- name: postgresql
  repository: https://charts.bitnami.com/bitnami
  version: 13.2.27
digest: sha256:cd02d75517df09ccf1efcea830449d4743e516cd6363b3d785cbd1aaefcbb6c3
generated: "2024-01-11T23:00:53.350041-08:00"
